
Microsoft Visual Studio Solution File, Format Version 12.00
# Visual Studio Version 17
VisualStudioVersion = 17.5.33103.201
MinimumVisualStudioVersion = 10.0.40219.1
Project("{9A19103F-16F7-4668-BE54-9A1E7A4F7556}") = "SellStuff", "SellStuff\SellStuff.csproj", "{7D03D5A9-EDE9-4569-9458-2482AA472707}"
EndProject
Project("{9A19103F-16F7-4668-BE54-9A1E7A4F7556}") = "DataAccess", "DataAccess\DataAccess.csproj", "{BD12C21B-EB7A-4E45-916D-39A30C91C6A6}"
EndProject
Project("{9A19103F-16F7-4668-BE54-9A1E7A4F7556}") = "Models", "Models\Models.csproj", "{D34FCEA1-F21E-4997-9FF9-E83DCB1EB62C}"
EndProject
Project("{9A19103F-16F7-4668-BE54-9A1E7A4F7556}") = "Utility", "Utility\Utility.csproj", "{56BC872E-7B39-4B5B-9E87-1B932462A679}"
EndProject
Global
	GlobalSection(SolutionConfigurationPlatforms) = preSolution
		Debug|Any CPU = Debug|Any CPU
		Release|Any CPU = Release|Any CPU
	EndGlobalSection
	GlobalSection(ProjectConfigurationPlatforms) = postSolution
		{7D03D5A9-EDE9-4569-9458-2482AA472707}.Debug|Any CPU.ActiveCfg = Debug|Any CPU
		{7D03D5A9-EDE9-4569-9458-2482AA472707}.Debug|Any CPU.Build.0 = Debug|Any CPU
		{7D03D5A9-EDE9-4569-9458-2482AA472707}.Release|Any CPU.ActiveCfg = Release|Any CPU
		{7D03D5A9-EDE9-4569-9458-2482AA472707}.Release|Any CPU.Build.0 = Release|Any CPU
		{BD12C21B-EB7A-4E45-916D-39A30C91C6A6}.Debug|Any CPU.ActiveCfg = Debug|Any CPU
		{BD12C21B-EB7A-4E45-916D-39A30C91C6A6}.Debug|Any CPU.Build.0 = Debug|Any CPU
		{BD12C21B-EB7A-4E45-916D-39A30C91C6A6}.Release|Any CPU.ActiveCfg = Release|Any CPU
		{BD12C21B-EB7A-4E45-916D-39A30C91C6A6}.Release|Any CPU.Build.0 = Release|Any CPU
		{D34FCEA1-F21E-4997-9FF9-E83DCB1EB62C}.Debug|Any CPU.ActiveCfg = Debug|Any CPU
		{D34FCEA1-F21E-4997-9FF9-E83DCB1EB62C}.Debug|Any CPU.Build.0 = Debug|Any CPU
		{D34FCEA1-F21E-4997-9FF9-E83DCB1EB62C}.Release|Any CPU.ActiveCfg = Release|Any CPU
		{D34FCEA1-F21E-4997-9FF9-E83DCB1EB62C}.Release|Any CPU.Build.0 = Release|Any CPU
		{56BC872E-7B39-4B5B-9E87-1B932462A679}.Debug|Any CPU.ActiveCfg = Debug|Any CPU
		{56BC872E-7B39-4B5B-9E87-1B932462A679}.Debug|Any CPU.Build.0 = Debug|Any CPU
		{56BC872E-7B39-4B5B-9E87-1B932462A679}.Release|Any CPU.ActiveCfg = Release|Any CPU
		{56BC872E-7B39-4B5B-9E87-1B932462A679}.Release|Any CPU.Build.0 = Release|Any CPU
	EndGlobalSection
	GlobalSection(SolutionProperties) = preSolution
		HideSolutionNode = FALSE
	EndGlobalSection
	GlobalSection(ExtensibilityGlobals) = postSolution
		SolutionGuid = {E7D9BDC1-EA02-4D04-A30C-5533353AC04A}
	EndGlobalSection
EndGlobal
